
Microsoft Visual Studio Solution File, Format Version 12.00
# Visual Studio Version 17
VisualStudioVersion = 17.0.32014.148
MinimumVisualStudioVersion = 10.0.40219.1
Project("{FAE04EC0-301F-11D3-BF4B-00C04F79EFBC}") = "EQPnozzleArray", "EQPnozzleArray.csproj", "{3FC336A5-C6E2-4E69-90C4-78AE7CBCB754}"
EndProject
Global
	GlobalSection(SolutionConfigurationPlatforms) = preSolution
		Debug|Any CPU = Debug|Any CPU
		Release|Any CPU = Release|Any CPU
	EndGlobalSection
	GlobalSection(ProjectConfigurationPlatforms) = postSolution
		{3FC336A5-C6E2-4E69-90C4-78AE7CBCB754}.Debug|Any CPU.ActiveCfg = Debug|Any CPU
		{3FC336A5-C6E2-4E69-90C4-78AE7CBCB754}.Debug|Any CPU.Build.0 = Debug|Any CPU
		{3FC336A5-C6E2-4E69-90C4-78AE7CBCB754}.Release|Any CPU.ActiveCfg = Release|Any CPU
		{3FC336A5-C6E2-4E69-90C4-78AE7CBCB754}.Release|Any CPU.Build.0 = Release|Any CPU
	EndGlobalSection
	GlobalSection(SolutionProperties) = preSolution
		HideSolutionNode = FALSE
	EndGlobalSection
	GlobalSection(ExtensibilityGlobals) = postSolution
		SolutionGuid = {EB7FD686-48CA-49FE-8D0E-AD31FCAF978F}
	EndGlobalSection
EndGlobal
